
Microsoft Visual Studio Solution File, Format Version 12.00
# Visual Studio Version 17
VisualStudioVersion = 17.7.34221.43
MinimumVisualStudioVersion = 10.0.40219.1
Project("{FAE04EC0-301F-11D3-BF4B-00C04F79EFBC}") = "ProjectCrud", "ProjectCrud\ProjectCrud.csproj", "{0E5EAFD9-1BC7-48E9-8544-20F157BDAB79}"
EndProject
Global
	GlobalSection(SolutionConfigurationPlatforms) = preSolution
		Debug|Any CPU = Debug|Any CPU
		Release|Any CPU = Release|Any CPU
	EndGlobalSection
	GlobalSection(ProjectConfigurationPlatforms) = postSolution
		{0E5EAFD9-1BC7-48E9-8544-20F157BDAB79}.Debug|Any CPU.ActiveCfg = Debug|Any CPU
		{0E5EAFD9-1BC7-48E9-8544-20F157BDAB79}.Debug|Any CPU.Build.0 = Debug|Any CPU
		{0E5EAFD9-1BC7-48E9-8544-20F157BDAB79}.Release|Any CPU.ActiveCfg = Release|Any CPU
		{0E5EAFD9-1BC7-48E9-8544-20F157BDAB79}.Release|Any CPU.Build.0 = Release|Any CPU
	EndGlobalSection
	GlobalSection(SolutionProperties) = preSolution
		HideSolutionNode = FALSE
	EndGlobalSection
	GlobalSection(ExtensibilityGlobals) = postSolution
		SolutionGuid = {2D6485F2-2C25-4791-BC8F-A013D803A48C}
	EndGlobalSection
EndGlobal
